
Microsoft Visual Studio Solution File, Format Version 12.00
# Visual Studio Version 17
VisualStudioVersion = 17.1.32319.34
MinimumVisualStudioVersion = 10.0.40219.1
Project("{9A19103F-16F7-4668-BE54-9A1E7A4F7556}") = "ZyGames.Framework", "ZyGames.Framework\ZyGames.Framework.csproj", "{7E2F8780-54C3-46D9-A71F-7CAAF8DC051F}"
EndProject
Project("{2150E333-8FDC-42A3-9474-1A3956D46DE8}") = "Test", "Test", "{BCF305FA-E0CD-421A-A5CF-84D7E94450BA}"
EndProject
Project("{9A19103F-16F7-4668-BE54-9A1E7A4F7556}") = "ZyGames.Framework.Dashboard", "ZyGames.Framework.Dashboard\ZyGames.Framework.Dashboard.csproj", "{8669FBFE-E41B-41B2-BEE7-42C04A95795A}"
EndProject
Project("{FAE04EC0-301F-11D3-BF4B-00C04F79EFBC}") = "SimpleClientHostingTest", "Test\SimpleClientHostingTest\SimpleClientHostingTest.csproj", "{BDBDEA7D-ECB6-4A95-A40C-4C511FCBEA2C}"
EndProject
Project("{9A19103F-16F7-4668-BE54-9A1E7A4F7556}") = "SimpleFrameworkTest", "Test\SimpleFrameworkTest\SimpleFrameworkTest.csproj", "{14E7E2E3-48A8-4027-AD64-70A0BB0D1959}"
EndProject
Project("{FAE04EC0-301F-11D3-BF4B-00C04F79EFBC}") = "SimpleServerHostingTest", "Test\SimpleServerHostingTest\SimpleServerHostingTest.csproj", "{67326825-56AB-4F8E-A178-84667AE42CD5}"
EndProject
Global
	GlobalSection(SolutionConfigurationPlatforms) = preSolution
		Debug|Any CPU = Debug|Any CPU
		Release|Any CPU = Release|Any CPU
	EndGlobalSection
	GlobalSection(ProjectConfigurationPlatforms) = postSolution
		{7E2F8780-54C3-46D9-A71F-7CAAF8DC051F}.Debug|Any CPU.ActiveCfg = Debug|Any CPU
		{7E2F8780-54C3-46D9-A71F-7CAAF8DC051F}.Debug|Any CPU.Build.0 = Debug|Any CPU
		{7E2F8780-54C3-46D9-A71F-7CAAF8DC051F}.Release|Any CPU.ActiveCfg = Release|Any CPU
		{7E2F8780-54C3-46D9-A71F-7CAAF8DC051F}.Release|Any CPU.Build.0 = Release|Any CPU
		{8669FBFE-E41B-41B2-BEE7-42C04A95795A}.Debug|Any CPU.ActiveCfg = Debug|Any CPU
		{8669FBFE-E41B-41B2-BEE7-42C04A95795A}.Debug|Any CPU.Build.0 = Debug|Any CPU
		{8669FBFE-E41B-41B2-BEE7-42C04A95795A}.Release|Any CPU.ActiveCfg = Release|Any CPU
		{8669FBFE-E41B-41B2-BEE7-42C04A95795A}.Release|Any CPU.Build.0 = Release|Any CPU
		{BDBDEA7D-ECB6-4A95-A40C-4C511FCBEA2C}.Debug|Any CPU.ActiveCfg = Debug|Any CPU
		{BDBDEA7D-ECB6-4A95-A40C-4C511FCBEA2C}.Debug|Any CPU.Build.0 = Debug|Any CPU
		{BDBDEA7D-ECB6-4A95-A40C-4C511FCBEA2C}.Release|Any CPU.ActiveCfg = Release|Any CPU
		{BDBDEA7D-ECB6-4A95-A40C-4C511FCBEA2C}.Release|Any CPU.Build.0 = Release|Any CPU
		{14E7E2E3-48A8-4027-AD64-70A0BB0D1959}.Debug|Any CPU.ActiveCfg = Debug|Any CPU
		{14E7E2E3-48A8-4027-AD64-70A0BB0D1959}.Debug|Any CPU.Build.0 = Debug|Any CPU
		{14E7E2E3-48A8-4027-AD64-70A0BB0D1959}.Release|Any CPU.ActiveCfg = Release|Any CPU
		{14E7E2E3-48A8-4027-AD64-70A0BB0D1959}.Release|Any CPU.Build.0 = Release|Any CPU
		{67326825-56AB-4F8E-A178-84667AE42CD5}.Debug|Any CPU.ActiveCfg = Debug|Any CPU
		{67326825-56AB-4F8E-A178-84667AE42CD5}.Debug|Any CPU.Build.0 = Debug|Any CPU
		{67326825-56AB-4F8E-A178-84667AE42CD5}.Release|Any CPU.ActiveCfg = Release|Any CPU
		{67326825-56AB-4F8E-A178-84667AE42CD5}.Release|Any CPU.Build.0 = Release|Any CPU
	EndGlobalSection
	GlobalSection(SolutionProperties) = preSolution
		HideSolutionNode = FALSE
	EndGlobalSection
	GlobalSection(NestedProjects) = preSolution
		{BDBDEA7D-ECB6-4A95-A40C-4C511FCBEA2C} = {BCF305FA-E0CD-421A-A5CF-84D7E94450BA}
		{14E7E2E3-48A8-4027-AD64-70A0BB0D1959} = {BCF305FA-E0CD-421A-A5CF-84D7E94450BA}
		{67326825-56AB-4F8E-A178-84667AE42CD5} = {BCF305FA-E0CD-421A-A5CF-84D7E94450BA}
	EndGlobalSection
	GlobalSection(ExtensibilityGlobals) = postSolution
		SolutionGuid = {8FD771BA-2F4A-4E92-80EA-2682ADE7EAB3}
	EndGlobalSection
EndGlobal
